
Microsoft Visual Studio Solution File, Format Version 12.00
# Visual Studio Version 17
VisualStudioVersion = 17.14.36616.10 d17.14
MinimumVisualStudioVersion = 10.0.40219.1
Project("{8BC9CEB8-8B4A-11D0-8D11-00A0C91BC942}") = "nazarioCPP214", "nazarioCPP214\nazarioCPP214.vcxproj", "{AA921529-E4E2-4F96-8587-DE3897E8D112}"
EndProject
Global
	GlobalSection(SolutionConfigurationPlatforms) = preSolution
		Debug|x64 = Debug|x64
		Debug|x86 = Debug|x86
		Release|x64 = Release|x64
		Release|x86 = Release|x86
	EndGlobalSection
	GlobalSection(ProjectConfigurationPlatforms) = postSolution
		{AA921529-E4E2-4F96-8587-DE3897E8D112}.Debug|x64.ActiveCfg = Debug|x64
		{AA921529-E4E2-4F96-8587-DE3897E8D112}.Debug|x64.Build.0 = Debug|x64
		{AA921529-E4E2-4F96-8587-DE3897E8D112}.Debug|x86.ActiveCfg = Debug|Win32
		{AA921529-E4E2-4F96-8587-DE3897E8D112}.Debug|x86.Build.0 = Debug|Win32
		{AA921529-E4E2-4F96-8587-DE3897E8D112}.Release|x64.ActiveCfg = Release|x64
		{AA921529-E4E2-4F96-8587-DE3897E8D112}.Release|x64.Build.0 = Release|x64
		{AA921529-E4E2-4F96-8587-DE3897E8D112}.Release|x86.ActiveCfg = Release|Win32
		{AA921529-E4E2-4F96-8587-DE3897E8D112}.Release|x86.Build.0 = Release|Win32
	EndGlobalSection
	GlobalSection(SolutionProperties) = preSolution
		HideSolutionNode = FALSE
	EndGlobalSection
	GlobalSection(ExtensibilityGlobals) = postSolution
		SolutionGuid = {BBAFD726-E845-4E5C-BDCA-C54B8C967D04}
	EndGlobalSection
EndGlobal
